{
  "name": "~common",
  "version": "0.1.0",
  "lockfileVersion": 1,
  "requires": true,
  "dependencies": {
    "@types/lodash": {
      "version": "4.14.120",
      "resolved": "http://registry.npm.taobao.org/@types/lodash/download/@types/lodash-4.14.120.tgz",
      "integrity": "sha1-zyZdBvbHpxDbCH7QdSOrjBokBHs=",
      "dev": true
    },
    "lodash": {
      "version": "4.17.11",
      "resolved": "http://registry.npm.taobao.org/lodash/download/lodash-4.17.11.tgz",
      "integrity": "sha1-s56mIp72B+zYniyN8SU2iRysm40=",
      "dev": true
    },
    "typescript": {
      "version": "3.2.2",
      "resolved": "http://registry.npm.taobao.org/typescript/download/typescript-3.2.2.tgz",
      "integrity": "sha1-/oEBxGqhI/g1NSPr3PVzDCrkk+U=",
      "dev": true
    }
  }
}
